# This file is automatically @generated by Poetry and should not be changed by hand.

[[package]]
name = "cbor2"
version = "5.4.6"
description = "CBOR (de)serializer with extensive tag support"
category = "main"
optional = false
python-versions = ">=3.7"
files = [
    {file = "cbor2-5.4.6-cp310-cp310-macosx_10_9_x86_64.whl", hash = "sha256:309fffbb7f561d67f02095d4b9657b73c9220558701c997e9bfcfbca2696e927"},
    {file = "cbor2-5.4.6-cp310-cp310-macosx_11_0_arm64.whl", hash = "sha256:ff95b33e5482313a74648ca3620c9328e9f30ecfa034df040b828e476597d352"},
    {file = "cbor2-5.4.6-cp310-cp310-manylinux_2_17_aarch64.manylinux2014_aarch64.whl", hash = "sha256:db9eb582fce972f0fa429d8159b7891ff8deccb7affc4995090afc61ce0d328a"},
    {file = "cbor2-5.4.6-cp310-cp310-manylinux_2_17_x86_64.manylinux2014_x86_64.whl", hash = "sha256:3950be57a1698086cf26d8710b4e5a637b65133c5b1f9eec23967d4089d8cfed"},
    {file = "cbor2-5.4.6-cp310-cp310-musllinux_1_1_aarch64.whl", hash = "sha256:78304df140b9e13b93bcbb2aecee64c9aaa9f1cadbd45f043b5e7b93cc2f21a2"},
    {file = "cbor2-5.4.6-cp310-cp310-musllinux_1_1_x86_64.whl", hash = "sha256:e73ca40dd3c7210ff776acff9869ddc9ff67bae7c425b58e5715dcf55275163f"},
    {file = "cbor2-5.4.6-cp310-cp310-win_amd64.whl", hash = "sha256:0b956f19e93ba3180c336282cd1b6665631f2d3a196a9c19b29a833bf979e7a4"},
    {file = "cbor2-5.4.6-cp311-cp311-macosx_10_9_x86_64.whl", hash = "sha256:1c12c0ab78f5bc290b08a79152a8621822415836a86f8f4b50dadba371736fda"},
    {file = "cbor2-5.4.6-cp311-cp311-macosx_11_0_arm64.whl", hash = "sha256:3545b16f9f0d5f34d4c99052829c3726020a07be34c99c250d0df87418f02954"},
    {file = "cbor2-5.4.6-cp311-cp311-manylinux_2_17_aarch64.manylinux2014_aarch64.whl", hash = "sha256:24144822f8d2b0156f4cda9427f071f969c18683ffed39663dc86bc0a75ae4dd"},
    {file = "cbor2-5.4.6-cp311-cp311-manylinux_2_17_x86_64.manylinux2014_x86_64.whl", hash = "sha256:1835536e76ea16e88c934aac5e369ba9f93d495b01e5fa2d93f0b4986b89146d"},
    {file = "cbor2-5.4.6-cp311-cp311-musllinux_1_1_aarch64.whl", hash = "sha256:39452c799453f5bf33281ffc0752c620b8bfa0b7c13070b87d370257a1311976"},
    {file = "cbor2-5.4.6-cp311-cp311-musllinux_1_1_x86_64.whl", hash = "sha256:3316f09a77af85e7772ecfdd693b0f450678a60b1aee641bac319289757e3fa0"},
    {file = "cbor2-5.4.6-cp311-cp311-win_amd64.whl", hash = "sha256:456cdff668a50a52fdb8aa6d0742511e43ed46d6a5b463dba80a5a720fa0d320"},
    {file = "cbor2-5.4.6-cp37-cp37m-macosx_10_9_x86_64.whl", hash = "sha256:9394ca49ecdf0957924e45d09a4026482d184a465a047f60c4044eb464c43de9"},
    {file = "cbor2-5.4.6-cp37-cp37m-manylinux_2_17_aarch64.manylinux2014_aarch64.whl", hash = "sha256:56dfa030cd3d67e5b6701d3067923f2f61536a8ffb1b45be14775d1e866b59ae"},
    {file = "cbor2-5.4.6-cp37-cp37m-manylinux_2_17_x86_64.manylinux2014_x86_64.whl", hash = "sha256:e5094562dfe3e5583202b93ef7ca5082c2ba5571accb2c4412d27b7d0ba8a563"},
    {file = "cbor2-5.4.6-cp37-cp37m-musllinux_1_1_aarch64.whl", hash = "sha256:94f844d0e232aca061a86dd6ff191e47ba0389ddd34acb784ad9a41594dc99a4"},
    {file = "cbor2-5.4.6-cp37-cp37m-musllinux_1_1_x86_64.whl", hash = "sha256:7bbd3470eb685325398023e335be896b74f61b014896604ed45049a7b7b6d8ac"},
    {file = "cbor2-5.4.6-cp37-cp37m-win_amd64.whl", hash = "sha256:0bd12c54a48949d11f5ffc2fa27f5df1b4754111f5207453e5fae3512ebb3cab"},
    {file = "cbor2-5.4.6-cp38-cp38-macosx_10_9_x86_64.whl", hash = "sha256:d2984a488f350aee1d54fa9cb8c6a3c1f1f5b268abbc91161e47185de4d829f3"},
    {file = "cbor2-5.4.6-cp38-cp38-macosx_11_0_arm64.whl", hash = "sha256:c285a2cb2c04004bfead93df89d92a0cef1874ad337d0cb5ea53c2c31e97bfdb"},
    {file = "cbor2-5.4.6-cp38-cp38-manylinux_2_17_aarch64.manylinux2014_aarch64.whl", hash = "sha256:6709d97695205cd08255363b54afa035306d5302b7b5e38308c8ff5a47e60f2a"},
    {file = "cbor2-5.4.6-cp38-cp38-manylinux_2_17_x86_64.manylinux2014_x86_64.whl", hash = "sha256:96087fa5336ebfc94465c0768cd5de0fcf9af3840d2cf0ce32f5767855f1a293"},
    {file = "cbor2-5.4.6-cp38-cp38-musllinux_1_1_aarch64.whl", hash = "sha256:0d2b926b024d3a1549b819bc82fdc387062bbd977b0299dd5fa5e0ea3267b98b"},
    {file = "cbor2-5.4.6-cp38-cp38-musllinux_1_1_x86_64.whl", hash = "sha256:6e1b5aee920b6a2f737aa12e2b54de3826b09f885a7ce402db84216343368140"},
    {file = "cbor2-5.4.6-cp38-cp38-win_amd64.whl", hash = "sha256:79e048e623846d60d735bb350263e8fdd36cb6195d7f1a2b57eacd573d9c0b33"},
    {file = "cbor2-5.4.6-cp39-cp39-macosx_10_9_x86_64.whl", hash = "sha256:80ac8ba450c7a41c5afe5f7e503d3092442ed75393e1de162b0bf0d97edf7c7f"},
    {file = "cbor2-5.4.6-cp39-cp39-macosx_11_0_arm64.whl", hash = "sha256:4ce1a2c272ba8523a55ea2f1d66e3464e89fa0e37c9a3d786a919fe64e68dbd7"},
    {file = "cbor2-5.4.6-cp39-cp39-manylinux_2_17_aarch64.manylinux2014_aarch64.whl", hash = "sha256:1618d16e310f7ffed141762b0ff5d8bb6b53ad449406115cc465bf04213cefcf"},
    {file = "cbor2-5.4.6-cp39-cp39-manylinux_2_17_x86_64.manylinux2014_x86_64.whl", hash = "sha256:4bbbdb2e3ef274865dc3f279aae109b5d94f4654aea3c72c479fb37e4a1e7ed7"},
    {file = "cbor2-5.4.6-cp39-cp39-musllinux_1_1_aarch64.whl", hash = "sha256:6f9c702bee2954fffdfa3de95a5af1a6b1c5f155e39490353d5654d83bb05bb9"},
    {file = "cbor2-5.4.6-cp39-cp39-musllinux_1_1_x86_64.whl", hash = "sha256:4b9f3924da0e460a93b3674c7e71020dd6c9e9f17400a34e52a88c0af2dcd2aa"},
    {file = "cbor2-5.4.6-cp39-cp39-win_amd64.whl", hash = "sha256:d54bd840b4fe34f097b8665fc0692c7dd175349e53976be6c5de4433b970daa4"},
    {file = "cbor2-5.4.6-py3-none-any.whl", hash = "sha256:181ac494091d1f9c5bb373cd85514ce1eb967a8cf3ec298e8dfa8878aa823956"},
    {file = "cbor2-5.4.6.tar.gz", hash = "sha256:b893500db0fe033e570c3adc956af6eefc57e280026bd2d86fd53da9f1e594d7"},
]

[package.extras]
doc = ["sphinx-autodoc-typehints (>=1.2.0)", "sphinx-rtd-theme"]
test = ["pytest", "pytest-cov"]

[[package]]
name = "colorama"
version = "0.4.3"
description = "Cross-platform colored terminal text."
category = "main"
optional = false
python-versions = ">=2.7, !=3.0.*, !=3.1.*, !=3.2.*, !=3.3.*, !=3.4.*"
files = [
    {file = "colorama-0.4.3-py2.py3-none-any.whl", hash = "sha256:7d73d2a99753107a36ac6b455ee49046802e59d9d076ef8e47b61499fa29afff"},
    {file = "colorama-0.4.3.tar.gz", hash = "sha256:e96da0d330793e2cb9485e9ddfd918d456036c7149416295932478192f4436a1"},
]

[[package]]
name = "exceptiongroup"
version = "1.1.2"
description = "Backport of PEP 654 (exception groups)"
category = "main"
optional = false
python-versions = ">=3.7"
files = [
    {file = "exceptiongroup-1.1.2-py3-none-any.whl", hash = "sha256:e346e69d186172ca7cf029c8c1d16235aa0e04035e5750b4b95039e65204328f"},
    {file = "exceptiongroup-1.1.2.tar.gz", hash = "sha256:12c3e887d6485d16943a309616de20ae5582633e0a2eda17f4e10fd61c1e8af5"},
]

[package.extras]
test = ["pytest (>=6)"]

[[package]]
name = "iniconfig"
version = "2.0.0"
description = "brain-dead simple config-ini parsing"
category = "main"
optional = false
python-versions = ">=3.7"
files = [
    {file = "iniconfig-2.0.0-py3-none-any.whl", hash = "sha256:b6a85871a79d2e3b22d2d1b94ac2824226a63c6b741c88f7ae975f18b6778374"},
    {file = "iniconfig-2.0.0.tar.gz", hash = "sha256:2d91e135bf72d31a410b17c16da610a82cb55f6b0477d1a902134b24a455b8b3"},
]

[[package]]
name = "packaging"
version = "20.4"
description = "Core utilities for Python packages"
category = "main"
optional = false
python-versions = ">=2.7, !=3.0.*, !=3.1.*, !=3.2.*, !=3.3.*"
files = [
    {file = "packaging-20.4-py2.py3-none-any.whl", hash = "sha256:998416ba6962ae7fbd6596850b80e17859a5753ba17c32284f67bfff33784181"},
    {file = "packaging-20.4.tar.gz", hash = "sha256:4357f74f47b9c12db93624a82154e9b120fa8293699949152b22065d556079f8"},
]

[package.dependencies]
pyparsing = ">=2.0.2"
six = "*"

[[package]]
name = "pluggy"
version = "0.13.1"
description = "plugin and hook calling mechanisms for python"
category = "main"
optional = false
python-versions = ">=2.7, !=3.0.*, !=3.1.*, !=3.2.*, !=3.3.*"
files = [
    {file = "pluggy-0.13.1-py2.py3-none-any.whl", hash = "sha256:966c145cd83c96502c3c3868f50408687b38434af77734af1e9ca461a4081d2d"},
    {file = "pluggy-0.13.1.tar.gz", hash = "sha256:15b2acde666561e1298d71b523007ed7364de07029219b604cf808bfa1c765b0"},
]

[package.extras]
dev = ["pre-commit", "tox"]

[[package]]
name = "pyparsing"
version = "2.4.7"
description = "Python parsing module"
category = "main"
optional = false
python-versions = ">=2.6, !=3.0.*, !=3.1.*, !=3.2.*"
files = [
    {file = "pyparsing-2.4.7-py2.py3-none-any.whl", hash = "sha256:ef9d7589ef3c200abe66653d3f1ab1033c3c419ae9b9bdb1240a85b024efc88b"},
    {file = "pyparsing-2.4.7.tar.gz", hash = "sha256:c203ec8783bf771a155b207279b9bccb8dea02d8f0c9e5f8ead507bc3246ecc1"},
]

[[package]]
name = "pytest"
version = "7.4.0"
description = "pytest: simple powerful testing with Python"
category = "main"
optional = false
python-versions = ">=3.7"
files = [
    {file = "pytest-7.4.0-py3-none-any.whl", hash = "sha256:78bf16451a2eb8c7a2ea98e32dc119fd2aa758f1d5d66dbf0a59d69a3969df32"},
    {file = "pytest-7.4.0.tar.gz", hash = "sha256:b4bf8c45bd59934ed84001ad51e11b4ee40d40a1229d2c79f9c592b0a3f6bd8a"},
]

[package.dependencies]
colorama = {version = "*", markers = "sys_platform == \"win32\""}
exceptiongroup = {version = ">=1.0.0rc8", markers = "python_version < \"3.11\""}
iniconfig = "*"
packaging = "*"
pluggy = ">=0.12,<2.0"
tomli = {version = ">=1.0.0", markers = "python_version < \"3.11\""}

[package.extras]
testing = ["argcomplete", "attrs (>=19.2.0)", "hypothesis (>=3.56)", "mock", "nose", "pygments (>=2.7.2)", "requests", "setuptools", "xmlschema"]

[[package]]
name = "python-dateutil"
version = "2.8.1"
description = "Extensions to the standard Python datetime module"
category = "main"
optional = false
python-versions = "!=3.0.*,!=3.1.*,!=3.2.*,>=2.7"
files = [
    {file = "python-dateutil-2.8.1.tar.gz", hash = "sha256:73ebfe9dbf22e832286dafa60473e4cd239f8592f699aa5adaf10050e6e1823c"},
    {file = "python_dateutil-2.8.1-py2.py3-none-any.whl", hash = "sha256:75bb3f31ea686f1197762692a9ee6a7550b59fc6ca3a1f4b5d7e32fb98e2da2a"},
]

[package.dependencies]
six = ">=1.5"

[[package]]
name = "pyyaml"
version = "6.0"
description = "YAML parser and emitter for Python"
category = "main"
optional = false
python-versions = ">=3.6"
files = [
    {file = "PyYAML-6.0-cp310-cp310-macosx_10_9_x86_64.whl", hash = "sha256:d4db7c7aef085872ef65a8fd7d6d09a14ae91f691dec3e87ee5ee0539d516f53"},
    {file = "PyYAML-6.0-cp310-cp310-macosx_11_0_arm64.whl", hash = "sha256:9df7ed3b3d2e0ecfe09e14741b857df43adb5a3ddadc919a2d94fbdf78fea53c"},
    {file = "PyYAML-6.0-cp310-cp310-manylinux_2_17_aarch64.manylinux2014_aarch64.whl", hash = "sha256:77f396e6ef4c73fdc33a9157446466f1cff553d979bd00ecb64385760c6babdc"},
    {file = "PyYAML-6.0-cp310-cp310-manylinux_2_17_s390x.manylinux2014_s390x.whl", hash = "sha256:a80a78046a72361de73f8f395f1f1e49f956c6be882eed58505a15f3e430962b"},
    {file = "PyYAML-6.0-cp310-cp310-manylinux_2_5_x86_64.manylinux1_x86_64.manylinux_2_12_x86_64.manylinux2010_x86_64.whl", hash = "sha256:f84fbc98b019fef2ee9a1cb3ce93e3187a6df0b2538a651bfb890254ba9f90b5"},
    {file = "PyYAML-6.0-cp310-cp310-win32.whl", hash = "sha256:2cd5df3de48857ed0544b34e2d40e9fac445930039f3cfe4bcc592a1f836d513"},
    {file = "PyYAML-6.0-cp310-cp310-win_amd64.whl", hash = "sha256:daf496c58a8c52083df09b80c860005194014c3698698d1a57cbcfa182142a3a"},
    {file = "PyYAML-6.0-cp311-cp311-macosx_10_9_x86_64.whl", hash = "sha256:d4b0ba9512519522b118090257be113b9468d804b19d63c71dbcf4a48fa32358"},
    {file = "PyYAML-6.0-cp311-cp311-macosx_11_0_arm64.whl", hash = "sha256:81957921f441d50af23654aa6c5e5eaf9b06aba7f0a19c18a538dc7ef291c5a1"},
    {file = "PyYAML-6.0-cp311-cp311-manylinux_2_17_aarch64.manylinux2014_aarch64.whl", hash = "sha256:afa17f5bc4d1b10afd4466fd3a44dc0e245382deca5b3c353d8b757f9e3ecb8d"},
    {file = "PyYAML-6.0-cp311-cp311-manylinux_2_17_s390x.manylinux2014_s390x.whl", hash = "sha256:dbad0e9d368bb989f4515da330b88a057617d16b6a8245084f1b05400f24609f"},
    {file = "PyYAML-6.0-cp311-cp311-manylinux_2_17_x86_64.manylinux2014_x86_64.whl", hash = "sha256:432557aa2c09802be39460360ddffd48156e30721f5e8d917f01d31694216782"},
    {file = "PyYAML-6.0-cp311-cp311-win32.whl", hash = "sha256:bfaef573a63ba8923503d27530362590ff4f576c626d86a9fed95822a8255fd7"},
    {file = "PyYAML-6.0-cp311-cp311-win_amd64.whl", hash = "sha256:01b45c0191e6d66c470b6cf1b9531a771a83c1c4208272ead47a3ae4f2f603bf"},
    {file = "PyYAML-6.0-cp36-cp36m-macosx_10_9_x86_64.whl", hash = "sha256:897b80890765f037df3403d22bab41627ca8811ae55e9a722fd0392850ec4d86"},
    {file = "PyYAML-6.0-cp36-cp36m-manylinux_2_17_aarch64.manylinux2014_aarch64.whl", hash = "sha256:50602afada6d6cbfad699b0c7bb50d5ccffa7e46a3d738092afddc1f9758427f"},
    {file = "PyYAML-6.0-cp36-cp36m-manylinux_2_17_s390x.manylinux2014_s390x.whl", hash = "sha256:48c346915c114f5fdb3ead70312bd042a953a8ce5c7106d5bfb1a5254e47da92"},
    {file = "PyYAML-6.0-cp36-cp36m-manylinux_2_5_x86_64.manylinux1_x86_64.manylinux_2_12_x86_64.manylinux2010_x86_64.whl", hash = "sha256:98c4d36e99714e55cfbaaee6dd5badbc9a1ec339ebfc3b1f52e293aee6bb71a4"},
    {file = "PyYAML-6.0-cp36-cp36m-win32.whl", hash = "sha256:0283c35a6a9fbf047493e3a0ce8d79ef5030852c51e9d911a27badfde0605293"},
    {file = "PyYAML-6.0-cp36-cp36m-win_amd64.whl", hash = "sha256:07751360502caac1c067a8132d150cf3d61339af5691fe9e87803040dbc5db57"},
    {file = "PyYAML-6.0-cp37-cp37m-macosx_10_9_x86_64.whl", hash = "sha256:819b3830a1543db06c4d4b865e70ded25be52a2e0631ccd2f6a47a2822f2fd7c"},
    {file = "PyYAML-6.0-cp37-cp37m-manylinux_2_17_aarch64.manylinux2014_aarch64.whl", hash = "sha256:473f9edb243cb1935ab5a084eb238d842fb8f404ed2193a915d1784b5a6b5fc0"},
    {file = "PyYAML-6.0-cp37-cp37m-manylinux_2_17_s390x.manylinux2014_s390x.whl", hash = "sha256:0ce82d761c532fe4ec3f87fc45688bdd3a4c1dc5e0b4a19814b9009a29baefd4"},
    {file = "PyYAML-6.0-cp37-cp37m-manylinux_2_5_x86_64.manylinux1_x86_64.manylinux_2_12_x86_64.manylinux2010_x86_64.whl", hash = "sha256:231710d57adfd809ef5d34183b8ed1eeae3f76459c18fb4a0b373ad56bedcdd9"},
    {file = "PyYAML-6.0-cp37-cp37m-win32.whl", hash = "sha256:c5687b8d43cf58545ade1fe3e055f70eac7a5a1a0bf42824308d868289a95737"},
    {file = "PyYAML-6.0-cp37-cp37m-win_amd64.whl", hash = "sha256:d15a181d1ecd0d4270dc32edb46f7cb7733c7c508857278d3d378d14d606db2d"},
    {file = "PyYAML-6.0-cp38-cp38-macosx_10_9_x86_64.whl", hash = "sha256:0b4624f379dab24d3725ffde76559cff63d9ec94e1736b556dacdfebe5ab6d4b"},
    {file = "PyYAML-6.0-cp38-cp38-manylinux_2_17_aarch64.manylinux2014_aarch64.whl", hash = "sha256:213c60cd50106436cc818accf5baa1aba61c0189ff610f64f4a3e8c6726218ba"},
    {file = "PyYAML-6.0-cp38-cp38-manylinux_2_17_s390x.manylinux2014_s390x.whl", hash = "sha256:9fa600030013c4de8165339db93d182b9431076eb98eb40ee068700c9c813e34"},
    {file = "PyYAML-6.0-cp38-cp38-manylinux_2_5_x86_64.manylinux1_x86_64.manylinux_2_12_x86_64.manylinux2010_x86_64.whl", hash = "sha256:277a0ef2981ca40581a47093e9e2d13b3f1fbbeffae064c1d21bfceba2030287"},
    {file = "PyYAML-6.0-cp38-cp38-win32.whl", hash = "sha256:d4eccecf9adf6fbcc6861a38015c2a64f38b9d94838ac1810a9023a0609e1b78"},
    {file = "PyYAML-6.0-cp38-cp38-win_amd64.whl", hash = "sha256:1e4747bc279b4f613a09eb64bba2ba602d8a6664c6ce6396a4d0cd413a50ce07"},
    {file = "PyYAML-6.0-cp39-cp39-macosx_10_9_x86_64.whl", hash = "sha256:055d937d65826939cb044fc8c9b08889e8c743fdc6a32b33e2390f66013e449b"},
    {file = "PyYAML-6.0-cp39-cp39-macosx_11_0_arm64.whl", hash = "sha256:e61ceaab6f49fb8bdfaa0f92c4b57bcfbea54c09277b1b4f7ac376bfb7a7c174"},
    {file = "PyYAML-6.0-cp39-cp39-manylinux_2_17_aarch64.manylinux2014_aarch64.whl", hash = "sha256:d67d839ede4ed1b28a4e8909735fc992a923cdb84e618544973d7dfc71540803"},
    {file = "PyYAML-6.0-cp39-cp39-manylinux_2_17_s390x.manylinux2014_s390x.whl", hash = "sha256:cba8c411ef271aa037d7357a2bc8f9ee8b58b9965831d9e51baf703280dc73d3"},
    {file = "PyYAML-6.0-cp39-cp39-manylinux_2_5_x86_64.manylinux1_x86_64.manylinux_2_12_x86_64.manylinux2010_x86_64.whl", hash = "sha256:40527857252b61eacd1d9af500c3337ba8deb8fc298940291486c465c8b46ec0"},
    {file = "PyYAML-6.0-cp39-cp39-win32.whl", hash = "sha256:b5b9eccad747aabaaffbc6064800670f0c297e52c12754eb1d976c57e4f74dcb"},
    {file = "PyYAML-6.0-cp39-cp39-win_amd64.whl", hash = "sha256:b3d267842bf12586ba6c734f89d1f5b871df0273157918b0ccefa29deb05c21c"},
    {file = "PyYAML-6.0.tar.gz", hash = "sha256:68fb519c14306fec9720a2a5b45bc9f0c8d1b9c72adf45c37baedfcd949c35a2"},
]

[[package]]
name = "six"
version = "1.15.0"
description = "Python 2 and 3 compatibility utilities"
category = "main"
optional = false
python-versions = ">=2.7, !=3.0.*, !=3.1.*, !=3.2.*"
files = [
    {file = "six-1.15.0-py2.py3-none-any.whl", hash = "sha256:8b74bedcbbbaca38ff6d7491d76f2b06b3592611af620f8426e82dddb04a5ced"},
    {file = "six-1.15.0.tar.gz", hash = "sha256:30639c035cdb23534cd4aa2dd52c3bf48f06e5f4a941509c8bafd8ce11080259"},
]

[[package]]
name = "tomli"
version = "2.0.1"
description = "A lil' TOML parser"
category = "main"
optional = false
python-versions = ">=3.7"
files = [
    {file = "tomli-2.0.1-py3-none-any.whl", hash = "sha256:939de3e7a6161af0c887ef91b7d41a53e7c5a1ca976325f429cb46ea9bc30ecc"},
    {file = "tomli-2.0.1.tar.gz", hash = "sha256:de526c12914f0c550d15924c62d72abc48d6fe7364aa87328337a31007fe8a4f"},
]

[[package]]
name = "tomlkit"
version = "0.11.8"
description = "Style preserving TOML library"
category = "main"
optional = false
python-versions = ">=3.7"
files = [
    {file = "tomlkit-0.11.8-py3-none-any.whl", hash = "sha256:8c726c4c202bdb148667835f68d68780b9a003a9ec34167b6c673b38eff2a171"},
    {file = "tomlkit-0.11.8.tar.gz", hash = "sha256:9330fc7faa1db67b541b28e62018c17d20be733177d290a13b24c62d1614e0c3"},
]

[[package]]
name = "u-msgpack-python"
version = "2.8.0"
description = "A portable, lightweight MessagePack serializer and deserializer written in pure Python."
category = "main"
optional = false
python-versions = "*"
files = [
    {file = "u-msgpack-python-2.8.0.tar.gz", hash = "sha256:b801a83d6ed75e6df41e44518b4f2a9c221dc2da4bcd5380e3a0feda520bc61a"},
    {file = "u_msgpack_python-2.8.0-py2.py3-none-any.whl", hash = "sha256:1d853d33e78b72c4228a2025b4db28cda81214076e5b0422ed0ae1b1b2bb586a"},
]

[metadata]
lock-version = "2.0"
python-versions = "^3.8"
content-hash = "999563655d9a3a1ddeeb8ea2716d323a65b63afd4d7c6b82529dc0beeb9095ae"
